[[package]]
name = "azure-core"
version = "1.31.0"
description = "Microsoft Azure Core Library for Python"
category = "main"
optional = false
python-versions = ">=3.8"

[package.dependencies]
requests = ">=2.21.0"
six = ">=1.11.0"
typing-extensions = ">=4.6.0"

[package.extras]
aio = ["aiohttp (>=3.0)"]

[[package]]
name = "azure-storage-blob"
version = "12.23.1"
description = "Microsoft Azure Blob Storage Client Library for Python"
category = "main"
optional = false
python-versions = ">=3.8"

[package.dependencies]
azure-core = ">=1.30.0"
cryptography = ">=2.1.4"
isodate = ">=0.6.1"
typing-extensions = ">=4.6.0"

[package.extras]
aio = ["azure-core[aio] (>=1.30.0)"]

[[package]]
name = "azure-storage-file-share"
version = "12.19.0"
description = "Microsoft Azure Azure File Share Storage Client Library for Python"
category = "main"
optional = false
python-versions = ">=3.8"

[package.dependencies]
azure-core = ">=1.30.0"
cryptography = ">=2.1.4"
isodate = ">=0.6.1"
typing-extensions = ">=4.6.0"

[package.extras]
aio = ["azure-core[aio] (>=1.30.0)"]

[[package]]
name = "boto3"
version = "1.35.41"
description = "The AWS SDK for Python"
category = "main"
optional = false
python-versions = ">=3.8"

[package.dependencies]
botocore = ">=1.35.41,<1.36.0"
jmespath = ">=0.7.1,<2.0.0"
s3transfer = ">=0.10.0,<0.11.0"

[package.extras]
crt = ["botocore[crt] (>=1.21.0,<2.0a0)"]

[[package]]
name = "botocore"
version = "1.35.41"
description = "Low-level, data-driven core of boto 3."
category = "main"
optional = false
python-versions = ">=3.8"

[package.dependencies]
jmespath = ">=0.7.1,<2.0.0"
python-dateutil = ">=2.1,<3.0.0"
urllib3 = {version = ">=1.25.4,<2.2.0 || >2.2.0,<3", markers = "python_version >= \"3.10\""}

[package.extras]
crt = ["awscrt (==0.22.0)"]

[[package]]
name = "certifi"
version = "2024.8.30"
description = "Python package for providing Mozilla's CA Bundle."
category = "main"
optional = false
python-versions = ">=3.6"

[[package]]
name = "cffi"
version = "1.17.1"
description = "Foreign Function Interface for Python calling C code."
category = "main"
optional = false
python-versions = ">=3.8"

[package.dependencies]
pycparser = "*"

[[package]]
name = "charset-normalizer"
version = "3.4.0"
description = "The Real First Universal Charset Detector. Open, modern and actively maintained alternative to Chardet."
category = "main"
optional = false
python-versions = ">=3.7.0"

[[package]]
name = "cryptography"
version = "43.0.1"
description = "cryptography is a package which provides cryptographic recipes and primitives to Python developers."
category = "main"
optional = false
python-versions = ">=3.7"

[package.dependencies]
cffi = {version = ">=1.12", markers = "platform_python_implementation != \"PyPy\""}

[package.extras]
ssh = ["bcrypt (>=3.1.5)"]
nox = ["nox"]
test = ["cryptography-vectors (==43.0.1)", "pytest (>=6.2.0)", "pytest-benchmark", "pytest-cov", "pytest-xdist", "pretend", "certifi"]
test-randomorder = ["pytest-randomly"]
docs = ["sphinx (>=5.3.0)", "sphinx-rtd-theme (>=1.1.1)"]
docstest = ["pyenchant (>=1.6.11)", "readme-renderer", "sphinxcontrib-spelling (>=4.0.1)"]
sdist = ["build"]
pep8test = ["ruff", "mypy", "check-sdist", "click"]

[[package]]
name = "idna"
version = "3.10"
description = "Internationalized Domain Names in Applications (IDNA)"
category = "main"
optional = false
python-versions = ">=3.6"

[package.extras]
all = ["ruff (>=0.6.2)", "mypy (>=1.11.2)", "pytest (>=8.3.2)", "flake8 (>=7.1.1)"]

[[package]]
name = "isodate"
version = "0.7.2"
description = "An ISO 8601 date/time/duration parser and formatter"
category = "main"
optional = false
python-versions = ">=3.7"

[[package]]
name = "jmespath"
version = "1.0.1"
description = "JSON Matching Expressions"
category = "main"
optional = false
python-versions = ">=3.7"

[[package]]
name = "pycparser"
version = "2.22"
description = "C parser in Python"
category = "main"
optional = false
python-versions = ">=3.8"

[[package]]
name = "python-dateutil"
version = "2.9.0.post0"
description = "Extensions to the standard Python datetime module"
category = "main"
optional = false
python-versions = "!=3.0.*,!=3.1.*,!=3.2.*,>=2.7"

[package.dependencies]
six = ">=1.5"

[[package]]
name = "requests"
version = "2.32.3"
description = "Python HTTP for Humans."
category = "main"
optional = false
python-versions = ">=3.8"

[package.dependencies]
certifi = ">=2017.4.17"
charset-normalizer = ">=2,<4"
idna = ">=2.5,<4"
urllib3 = ">=1.21.1,<3"

[package.extras]
socks = ["PySocks (>=1.5.6,!=1.5.7)"]
use-chardet-on-py3 = ["chardet (>=3.0.2,<6)"]

[[package]]
name = "s3transfer"
version = "0.10.3"
description = "An Amazon S3 Transfer Manager"
category = "main"
optional = false
python-versions = ">=3.8"

[package.dependencies]
botocore = ">=1.33.2,<2.0a.0"

[package.extras]
crt = ["botocore[crt] (>=1.33.2,<2.0a.0)"]

[[package]]
name = "six"
version = "1.16.0"
description = "Python 2 and 3 compatibility utilities"
category = "main"
optional = false
python-versions = ">=2.7, !=3.0.*, !=3.1.*, !=3.2.*"

[[package]]
name = "typing-extensions"
version = "4.12.2"
description = "Backported and Experimental Type Hints for Python 3.8+"
category = "main"
optional = false
python-versions = ">=3.8"

[[package]]
name = "urllib3"
version = "2.2.3"
description = "HTTP library with thread-safe connection pooling, file post, and more."
category = "main"
optional = false
python-versions = ">=3.8"

[package.extras]
brotli = ["brotli (>=1.0.9)", "brotlicffi (>=0.8.0)"]
h2 = ["h2 (>=4,<5)"]
socks = ["pysocks (>=1.5.6,!=1.5.7,<2.0)"]
zstd = ["zstandard (>=0.18.0)"]

[extras]
aws = ["boto3"]
azure = ["azure-storage-blob", "azure-storage-file-share"]
azure_blob = ["azure-storage-blob"]
azure_file = ["azure-storage-file-share"]
full = ["azure-storage-blob", "azure-storage-file-share", "boto3"]

[metadata]
lock-version = "1.1"
python-versions = "^3.10"
content-hash = "a07162077fb51786974910d91ff6befde8cce71d06f6e1abeb0fdabe317fe3a0"

[metadata.files]
azure-core = []
azure-storage-blob = []
azure-storage-file-share = []
boto3 = []
botocore = []
certifi = []
cffi = []
charset-normalizer = []
cryptography = []
idna = []
isodate = []
jmespath = []
pycparser = []
python-dateutil = []
requests = []
s3transfer = []
six = []
typing-extensions = []
urllib3 = []
